{
  "name": "language-server-lua",
  "version": "0.0.1",
  "lockfileVersion": 1,
  "requires": true,
  "dependencies": {
    "@types/commander": {
      "version": "2.12.2",
      "resolved": "https://registry.npmjs.org/@types/commander/-/commander-2.12.2.tgz",
      "integrity": "sha512-0QEFiR8ljcHp9bAbWxecjVRuAMr16ivPiGOw6KFQBVrVd0RQIcM3xKdRisH2EDWgVWujiYtHwhSkSUoAAGzH7Q==",
      "requires": {
        "commander": "*"
      }
    },
    "@types/diff": {
      "version": "3.5.3",
      "resolved": "https://registry.npmjs.org/@types/diff/-/diff-3.5.3.tgz",
      "integrity": "sha512-YrLagYnL+tfrgM7bQ5yW34pi5cg9pmh5Gbq2Lmuuh+zh0ZjmK2fU3896PtlpJT3IDG2rdkoG30biHJepgIsMnw=="
    },
    "@types/get-stdin": {
      "version": "5.0.1",
      "resolved": "https://registry.npmjs.org/@types/get-stdin/-/get-stdin-5.0.1.tgz",
      "integrity": "sha1-Rq+8rwnpT+Alr6B66ZSsMWitvfM=",
      "requires": {
        "@types/node": "*"
      },
      "dependencies": {
        "@types/node": {
          "version": "14.0.13",
          "resolved": "https://registry.npmjs.org/@types/node/-/node-14.0.13.tgz",
          "integrity": "sha512-rouEWBImiRaSJsVA+ITTFM6ZxibuAlTuNOCyxVbwreu6k6+ujs7DfnU9o+PShFhET78pMBl3eH+AGSI5eOTkPA=="
        }
      }
    },
    "@types/node-dir": {
      "version": "0.0.30",
      "resolved": "https://registry.npmjs.org/@types/node-dir/-/node-dir-0.0.30.tgz",
      "integrity": "sha1-3vKbVhfB7pZeQUpMZekDCMkT1VQ=",
      "requires": {
        "@types/node": "*"
      },
      "dependencies": {
        "@types/node": {
          "version": "14.0.13",
          "resolved": "https://registry.npmjs.org/@types/node/-/node-14.0.13.tgz",
          "integrity": "sha512-rouEWBImiRaSJsVA+ITTFM6ZxibuAlTuNOCyxVbwreu6k6+ujs7DfnU9o+PShFhET78pMBl3eH+AGSI5eOTkPA=="
        }
      }
    },
    "balanced-match": {
      "version": "1.0.0",
      "resolved": "https://registry.npmjs.org/balanced-match/-/balanced-match-1.0.0.tgz",
      "integrity": "sha1-ibTRmasr7kneFk6gK4nORi1xt2c="
    },
    "brace-expansion": {
      "version": "1.1.11",
      "resolved": "https://registry.npmjs.org/brace-expansion/-/brace-expansion-1.1.11.tgz",
      "integrity": "sha512-iCuPHDFgrHX7H2vEI/5xpz07zSHB00TpugqhmYtVmMO6518mCuRMoOYFldEBl0g187ufozdaHgWKcYFb61qGiA==",
      "requires": {
        "balanced-match": "^1.0.0",
        "concat-map": "0.0.1"
      }
    },
    "commander": {
      "version": "2.20.3",
      "resolved": "https://registry.npmjs.org/commander/-/commander-2.20.3.tgz",
      "integrity": "sha512-GpVkmM8vF2vQUkj2LvZmD35JxeJOLCwJ9cUkugyk2nuhbv3+mJvpLYYt+0+USMxE+oj+ey/lJEnhZw75x/OMcQ=="
    },
    "concat-map": {
      "version": "0.0.1",
      "resolved": "https://registry.npmjs.org/concat-map/-/concat-map-0.0.1.tgz",
      "integrity": "sha1-2Klr13/Wjfd5OnMDajug1UBdR3s="
    },
    "diff": {
      "version": "3.5.0",
      "resolved": "https://registry.npmjs.org/diff/-/diff-3.5.0.tgz",
      "integrity": "sha512-A46qtFgd+g7pDZinpnwiRJtxbC1hpgf0uzP3iG89scHk0AUC7A1TGxf5OiiOUv/JMZR8GOt8hL900hV0bOy5xA=="
    },
    "get-stdin": {
      "version": "5.0.1",
      "resolved": "https://registry.npmjs.org/get-stdin/-/get-stdin-5.0.1.tgz",
      "integrity": "sha1-Ei4WFZHiH/TFJTAwVpPyDmOTo5g="
    },
    "lua-fmt": {
      "version": "2.6.0",
      "resolved": "https://registry.npmjs.org/lua-fmt/-/lua-fmt-2.6.0.tgz",
      "integrity": "sha1-75rAVz0dpzMNygnAIsOaM67TR6M=",
      "requires": {
        "@types/commander": "^2.3.31",
        "@types/diff": "^3.2.0",
        "@types/get-stdin": "^5.0.0",
        "commander": "^2.9.0",
        "diff": "^3.3.0",
        "get-stdin": "^5.0.1",
        "luaparse": "github:oxyc/luaparse#ac42a00ebf4020b8c9d3219e4b0f84bf7ce6e802"
      },
      "dependencies": {
        "luaparse": {
          "version": "github:oxyc/luaparse#ac42a00ebf4020b8c9d3219e4b0f84bf7ce6e802",
          "from": "github:oxyc/luaparse#ac42a00ebf4020b8c9d3219e4b0f84bf7ce6e802"
        }
      }
    },
    "luaparse": {
      "version": "0.2.1",
      "resolved": "https://registry.npmjs.org/luaparse/-/luaparse-0.2.1.tgz",
      "integrity": "sha1-qo9WEysN6X0388mRqd9C4OF/ZWw="
    },
    "minimatch": {
      "version": "3.0.4",
      "resolved": "https://registry.npmjs.org/minimatch/-/minimatch-3.0.4.tgz",
      "integrity": "sha512-yJHVQEhyqPLUTgt9B83PXu6W3rx4MvvHvSUvToogpwoGDOUQ+yDrR0HRot+yOCdCO7u4hX3pWft6kWBBcqh0UA==",
      "requires": {
        "brace-expansion": "^1.1.7"
      }
    },
    "node-dir": {
      "version": "0.1.17",
      "resolved": "https://registry.npmjs.org/node-dir/-/node-dir-0.1.17.tgz",
      "integrity": "sha1-X1Zl2TNRM1yqvvjxxVRRbPXx5OU=",
      "requires": {
        "minimatch": "^3.0.2"
      }
    },
    "source-map": {
      "version": "0.5.7",
      "resolved": "https://registry.npmjs.org/source-map/-/source-map-0.5.7.tgz",
      "integrity": "sha1-igOdLRAh0i0eoUyA2OpGi6LvP8w="
    },
    "source-map-support": {
      "version": "0.4.18",
      "resolved": "https://registry.npmjs.org/source-map-support/-/source-map-support-0.4.18.tgz",
      "integrity": "sha512-try0/JqxPLF9nOjvSta7tVondkP5dwgyLDjVoyMDlmjugT2lRZ1OfsrYTkCd2hkDnJTKRbO/Rl3orm8vlsUzbA==",
      "requires": {
        "source-map": "^0.5.6"
      }
    },
    "vscode-jsonrpc": {
      "version": "3.5.0",
      "resolved": "https://registry.npmjs.org/vscode-jsonrpc/-/vscode-jsonrpc-3.5.0.tgz",
      "integrity": "sha1-hyOdnhZrLXNSJFuKgTWXgEwdY6o="
    },
    "vscode-languageserver": {
      "version": "3.5.1",
      "resolved": "https://registry.npmjs.org/vscode-languageserver/-/vscode-languageserver-3.5.1.tgz",
      "integrity": "sha512-RYUKn0DgHTFcS8kS4VaNCjNMaQXYqiXdN9bKrFjXzu5RPKfjIYcoh47oVWwZj4L3R/DPB0Se7HPaDatvYY2XgQ==",
      "requires": {
        "vscode-languageserver-protocol": "3.5.1",
        "vscode-uri": "^1.0.1"
      }
    },
    "vscode-languageserver-protocol": {
      "version": "3.5.1",
      "resolved": "https://registry.npmjs.org/vscode-languageserver-protocol/-/vscode-languageserver-protocol-3.5.1.tgz",
      "integrity": "sha512-1fPDIwsAv1difCV+8daOrJEGunClNJWqnUHq/ncWrjhitKWXgGmRCjlwZ3gDUTt54yRcvXz1PXJDaRNvNH6pYA==",
      "requires": {
        "vscode-jsonrpc": "3.5.0",
        "vscode-languageserver-types": "3.5.0"
      }
    },
    "vscode-languageserver-types": {
      "version": "3.5.0",
      "resolved": "https://registry.npmjs.org/vscode-languageserver-types/-/vscode-languageserver-types-3.5.0.tgz",
      "integrity": "sha1-5I15li8LjgLelV4/UkkI4rGcA3Q="
    },
    "vscode-uri": {
      "version": "1.0.8",
      "resolved": "https://registry.npmjs.org/vscode-uri/-/vscode-uri-1.0.8.tgz",
      "integrity": "sha512-obtSWTlbJ+a+TFRYGaUumtVwb+InIUVI0Lu0VBUAPmj2cU5JutEXg3xUE0c2J5Tcy7h2DEKVJBFi+Y9ZSFzzPQ=="
    }
  }
}
